
Microsoft Visual Studio Solution File, Format Version 12.00
# Visual Studio Version 17
VisualStudioVersion = 17.5.33516.290
MinimumVisualStudioVersion = 10.0.40219.1
Project("{FAE04EC0-301F-11D3-BF4B-00C04F79EFBC}") = "BootTelegram", "BootTelegram\BootTelegram.csproj", "{9AA15C04-9C42-4871-8D56-B6295673C8CB}"
EndProject
Global
	GlobalSection(SolutionConfigurationPlatforms) = preSolution
		Debug|Any CPU = Debug|Any CPU
		Release|Any CPU = Release|Any CPU
	EndGlobalSection
	GlobalSection(ProjectConfigurationPlatforms) = postSolution
		{9AA15C04-9C42-4871-8D56-B6295673C8CB}.Debug|Any CPU.ActiveCfg = Debug|Any CPU
		{9AA15C04-9C42-4871-8D56-B6295673C8CB}.Debug|Any CPU.Build.0 = Debug|Any CPU
		{9AA15C04-9C42-4871-8D56-B6295673C8CB}.Release|Any CPU.ActiveCfg = Release|Any CPU
		{9AA15C04-9C42-4871-8D56-B6295673C8CB}.Release|Any CPU.Build.0 = Release|Any CPU
	EndGlobalSection
	GlobalSection(SolutionProperties) = preSolution
		HideSolutionNode = FALSE
	EndGlobalSection
	GlobalSection(ExtensibilityGlobals) = postSolution
		SolutionGuid = {B0D92E5C-CDB3-43DC-9855-58A7B3325DC2}
	EndGlobalSection
EndGlobal
